// !$*UTF8*$!
{
	archiveVersion = 1;
	classes = {
	};
	objectVersion = 46;
	objects = {

/* Begin PBXBuildFile section */
		DF827C2D1F14164C008212ED /* Minecraft.ttf in Resources */ = {isa = PBXBuildFile; fileRef = DF827C2C1F14164C008212ED /* Minecraft.ttf */; };
		DF827C2F1F141762008212ED /* btn.wav in Resources */ = {isa = PBXBuildFile; fileRef = DF827C2E1F141762008212ED /* btn.wav */; };
		DF8B80231F16671200FABFC9 /* StartScreenVC.swift in Sources */ = {isa = PBXBuildFile; fileRef = DF8B80221F16671200FABFC9 /* StartScreenVC.swift */; };
		DF9FAD551F13BCC2009118D1 /* AppDelegate.swift in Sources */ = {isa = PBXBuildFile; fileRef = DF9FAD541F13BCC2009118D1 /* AppDelegate.swift */; };
		DF9FAD571F13BCC2009118D1 /* ViewController.swift in Sources */ = {isa = PBXBuildFile; fileRef = DF9FAD561F13BCC2009118D1 /* ViewController.swift */; };
		DF9FAD5A1F13BCC2009118D1 /* Main.storyboard in Resources */ = {isa = PBXBuildFile; fileRef = DF9FAD581F13BCC2009118D1 /* Main.storyboard */; };
		DF9FAD5C1F13BCC2009118D1 /* Assets.xcassets in Resources */ = {isa = PBXBuildFile; fileRef = DF9FAD5B1F13BCC2009118D1 /* Assets.xcassets */; };
		DF9FAD5F1F13BCC2009118D1 /* LaunchScreen.storyboard in Resources */ = {isa = PBXBuildFile; fileRef = DF9FAD5D1F13BCC2009118D1 /* LaunchScreen.storyboard */; };
/* End PBXBuildFile section */

/* Begin PBXFileReference section */
		DF827C2C1F14164C008212ED /* Minecraft.ttf */ = {isa = PBXFileReference; lastKnownFileType = file; path = Minecraft.ttf; sourceTree = "<group>"; };
		DF827C2E1F141762008212ED /* btn.wav */ = {isa = PBXFileReference; lastKnownFileType = audio.wav; path = btn.wav; sourceTree = "<group>"; };
		DF8B80221F16671200FABFC9 /* StartScreenVC.swift */ = {isa = PBXFileReference; fileEncoding = 4; lastKnownFileType = sourcecode.swift; path = StartScreenVC.swift; sourceTree = "<group>"; };
		DF9FAD511F13BCC2009118D1 /* RetroCalculator.app */ = {isa = PBXFileReference; explicitFileType = wrapper.application; includeInIndex = 0; path = RetroCalculator.app; sourceTree = BUILT_PRODUCTS_DIR; };
		DF9FAD541F13BCC2009118D1 /* AppDelegate.swift */ = {isa = PBXFileReference; lastKnownFileType = sourcecode.swift; path = AppDelegate.swift; sourceTree = "<group>"; };
		DF9FAD561F13BCC2009118D1 /* ViewController.swift */ = {isa = PBXFileReference; lastKnownFileType = sourcecode.swift; path = ViewController.swift; sourceTree = "<group>"; };
		DF9FAD591F13BCC2009118D1 /* Base */ = {isa = PBXFileReference; lastKnownFileType = file.storyboard; name = Base; path = Base.lproj/Main.storyboard; sourceTree = "<group>"; };
		DF9FAD5B1F13BCC2009118D1 /* Assets.xcassets */ = {isa = PBXFileReference; lastKnownFileType = folder.assetcatalog; path = Assets.xcassets; sourceTree = "<group>"; };
		DF9FAD5E1F13BCC2009118D1 /* Base */ = {isa = PBXFileReference; lastKnownFileType = file.storyboard; name = Base; path = Base.lproj/LaunchScreen.storyboard; sourceTree = "<group>"; };
		DF9FAD601F13BCC2009118D1 /* Info.plist */ = {isa = PBXFileReference; lastKnownFileType = text.plist.xml; path = Info.plist; sourceTree = "<group>"; };
/* End PBXFileReference section */

/* Begin PBXFrameworksBuildPhase section */
		DF9FAD4E1F13BCC2009118D1 /* Frameworks */ = {
			isa = PBXFrameworksBuildPhase;
			buildActionMask = 2147483647;
			files = (
			);
			runOnlyForDeploymentPostprocessing = 0;
		};
/* End PBXFrameworksBuildPhase section */

/* Begin PBXGroup section */
		DF9FAD481F13BCC2009118D1 = {
			isa = PBXGroup;
			children = (
				DF9FAD531F13BCC2009118D1 /* RetroCalculator */,
				DF9FAD521F13BCC2009118D1 /* Products */,
			);
			sourceTree = "<group>";
		};
		DF9FAD521F13BCC2009118D1 /* Products */ = {
			isa = PBXGroup;
			children = (
				DF9FAD511F13BCC2009118D1 /* RetroCalculator.app */,
			);
			name = Products;
			sourceTree = "<group>";
		};
		DF9FAD531F13BCC2009118D1 /* RetroCalculator */ = {
			isa = PBXGroup;
			children = (
				DF827C2E1F141762008212ED /* btn.wav */,
				DF827C2C1F14164C008212ED /* Minecraft.ttf */,
				DF9FAD541F13BCC2009118D1 /* AppDelegate.swift */,
				DF8B80221F16671200FABFC9 /* StartScreenVC.swift */,
				DF9FAD561F13BCC2009118D1 /* ViewController.swift */,
				DF9FAD581F13BCC2009118D1 /* Main.storyboard */,
				DF9FAD5B1F13BCC2009118D1 /* Assets.xcassets */,
				DF9FAD5D1F13BCC2009118D1 /* LaunchScreen.storyboard */,
				DF9FAD601F13BCC2009118D1 /* Info.plist */,
			);
			path = RetroCalculator;
			sourceTree = "<group>";
		};
/* End PBXGroup section */

/* Begin PBXNativeTarget section */
		DF9FAD501F13BCC2009118D1 /* RetroCalculator */ = {
			isa = PBXNativeTarget;
			buildConfigurationList = DF9FAD631F13BCC2009118D1 /* Build configuration list for PBXNativeTarget "RetroCalculator" */;
			buildPhases = (
				DF9FAD4D1F13BCC2009118D1 /* Sources */,
				DF9FAD4E1F13BCC2009118D1 /* Frameworks */,
				DF9FAD4F1F13BCC2009118D1 /* Resources */,
			);
			buildRules = (
			);
			dependencies = (
			);
			name = RetroCalculator;
			productName = RetroCalculator;
			productReference = DF9FAD511F13BCC2009118D1 /* RetroCalculator.app */;
			productType = "com.apple.product-type.application";
		};
/* End PBXNativeTarget section */

/* Begin PBXProject section */
		DF9FAD491F13BCC2009118D1 /* Project object */ = {
			isa = PBXProject;
			attributes = {
				LastSwiftUpdateCheck = 0830;
				LastUpgradeCheck = 0830;
				ORGANIZATIONNAME = "Emmanouil Perakis";
				TargetAttributes = {
					DF9FAD501F13BCC2009118D1 = {
						CreatedOnToolsVersion = 8.3.3;
						DevelopmentTeam = RHFU8CABJ7;
						ProvisioningStyle = Automatic;
					};
				};
			};
			buildConfigurationList = DF9FAD4C1F13BCC2009118D1 /* Build configuration list for PBXProject "RetroCalculator" */;
			compatibilityVersion = "Xcode 3.2";
			developmentRegion = English;
			hasScannedForEncodings = 0;
			knownRegions = (
				en,
				Base,
			);
			mainGroup = DF9FAD481F13BCC2009118D1;
			productRefGroup = DF9FAD521F13BCC2009118D1 /* Products */;
			projectDirPath = "";
			projectRoot = "";
			targets = (
				DF9FAD501F13BCC2009118D1 /* RetroCalculator */,
			);
		};
/* End PBXProject section */

/* Begin PBXResourcesBuildPhase section */
		DF9FAD4F1F13BCC2009118D1 /* Resources */ = {
			isa = PBXResourcesBuildPhase;
			buildActionMask = 2147483647;
			files = (
				DF827C2F1F141762008212ED /* btn.wav in Resources */,
				DF9FAD5F1F13BCC2009118D1 /* LaunchScreen.storyboard in Resources */,
				DF9FAD5C1F13BCC2009118D1 /* Assets.xcassets in Resources */,
				DF827C2D1F14164C008212ED /* Minecraft.ttf in Resources */,
				DF9FAD5A1F13BCC2009118D1 /* Main.storyboard in Resources */,
			);
			runOnlyForDeploymentPostprocessing = 0;
		};
/* End PBXResourcesBuildPhase section */

/* Begin PBXSourcesBuildPhase section */
		DF9FAD4D1F13BCC2009118D1 /* Sources */ = {
			isa = PBXSourcesBuildPhase;
			buildActionMask = 2147483647;
			files = (
				DF9FAD571F13BCC2009118D1 /* ViewController.swift in Sources */,
				DF8B80231F16671200FABFC9 /* StartScreenVC.swift in Sources */,
				DF9FAD551F13BCC2009118D1 /* AppDelegate.swift in Sources */,
			);
			runOnlyForDeploymentPostprocessing = 0;
		};
/* End PBXSourcesBuildPhase section */

/* Begin PBXVariantGroup section */
		DF9FAD581F13BCC2009118D1 /* Main.storyboard */ = {
			isa = PBXVariantGroup;
			children = (
				DF9FAD591F13BCC2009118D1 /* Base */,
			);
			name = Main.storyboard;
			sourceTree = "<group>";
		};
		DF9FAD5D1F13BCC2009118D1 /* LaunchScreen.storyboard */ = {
			isa = PBXVariantGroup;
			children = (
				DF9FAD5E1F13BCC2009118D1 /* Base */,
			);
			name = LaunchScreen.storyboard;
			sourceTree = "<group>";
		};
/* End PBXVariantGroup section */

/* Begin XCBuildConfiguration section */
		DF9FAD611F13BCC2009118D1 /* Debug */ = {
			isa = XCBuildConfiguration;
			buildSettings = {
				ALWAYS_SEARCH_USER_PATHS = NO;
				CLANG_ANALYZER_NONNULL = YES;
				CLANG_ANALYZER_NUMBER_OBJECT_CONVERSION = YES_AGGRESSIVE;
				CLANG_CXX_LANGUAGE_STANDARD = "gnu++0x";
				CLANG_CXX_LIBRARY = "libc++";
				CLANG_ENABLE_MODULES = YES;
				CLANG_ENABLE_OBJC_ARC = YES;
				CLANG_WARN_BOOL_CONVERSION = YES;
				CLANG_WARN_CONSTANT_CONVERSION = YES;
				CLANG_WARN_DIRECT_OBJC_ISA_USAGE = YES_ERROR;
				CLANG_WARN_DOCUMENTATION_COMMENTS = YES;
				CLANG_WARN_EMPTY_BODY = YES;
				CLANG_WARN_ENUM_CONVERSION = YES;
				CLANG_WARN_INFINITE_RECURSION = YES;
				CLANG_WARN_INT_CONVERSION = YES;
				CLANG_WARN_OBJC_ROOT_CLASS = YES_ERROR;
				CLANG_WARN_SUSPICIOUS_MOVE = YES;
				CLANG_WARN_UNREACHABLE_CODE = YES;
				CLANG_WARN__DUPLICATE_METHOD_MATCH = YES;
				"CODE_SIGN_IDENTITY[sdk=iphoneos*]" = "iPhone Developer";
				COPY_PHASE_STRIP = NO;
				DEBUG_INFORMATION_FORMAT = dwarf;
				ENABLE_STRICT_OBJC_MSGSEND = YES;
				ENABLE_TESTABILITY = YES;
				GCC_C_LANGUAGE_STANDARD = gnu99;
				GCC_DYNAMIC_NO_PIC = NO;
				GCC_NO_COMMON_BLOCKS = YES;
				GCC_OPTIMIZATION_LEVEL = 0;
				GCC_PREPROCESSOR_DEFINITIONS = (
					"DEBUG=1",
					"$(inherited)",
				);
				GCC_WARN_64_TO_32_BIT_CONVERSION = YES;
				GCC_WARN_ABOUT_RETURN_TYPE = YES_ERROR;
				GCC_WARN_UNDECLARED_SELECTOR = YES;
				GCC_WARN_UNINITIALIZED_AUTOS = YES_AGGRESSIVE;
				GCC_WARN_UNUSED_FUNCTION = YES;
				GCC_WARN_UNUSED_VARIABLE = YES;
				IPHONEOS_DEPLOYMENT_TARGET = 10.3;
				MTL_ENABLE_DEBUG_INFO = YES;
				ONLY_ACTIVE_ARCH = YES;
				SDKROOT = iphoneos;
				SWIFT_ACTIVE_COMPILATION_CONDITIONS = DEBUG;
				SWIFT_OPTIMIZATION_LEVEL = "-Onone";
				TARGETED_DEVICE_FAMILY = "1,2";
			};
			name = Debug;
		};
		DF9FAD621F13BCC2009118D1 /* Release */ = {
			isa = XCBuildConfiguration;
			buildSettings = {
				ALWAYS_SEARCH_USER_PATHS = NO;
				CLANG_ANALYZER_NONNULL = YES;
				CLANG_ANALYZER_NUMBER_OBJECT_CONVERSION = YES_AGGRESSIVE;
				CLANG_CXX_LANGUAGE_STANDARD = "gnu++0x";
				CLANG_CXX_LIBRARY = "libc++";
				CLANG_ENABLE_MODULES = YES;
				CLANG_ENABLE_OBJC_ARC = YES;
				CLANG_WARN_BOOL_CONVERSION = YES;
				CLANG_WARN_CONSTANT_CONVERSION = YES;
				CLANG_WARN_DIRECT_OBJC_ISA_USAGE = YES_ERROR;
				CLANG_WARN_DOCUMENTATION_COMMENTS = YES;
				CLANG_WARN_EMPTY_BODY = YES;
				CLANG_WARN_ENUM_CONVERSION = YES;
				CLANG_WARN_INFINITE_RECURSION = YES;
				CLANG_WARN_INT_CONVERSION = YES;
				CLANG_WARN_OBJC_ROOT_CLASS = YES_ERROR;
				CLANG_WARN_SUSPICIOUS_MOVE = YES;
				CLANG_WARN_UNREACHABLE_CODE = YES;
				CLANG_WARN__DUPLICATE_METHOD_MATCH = YES;
				"CODE_SIGN_IDENTITY[sdk=iphoneos*]" = "iPhone Developer";
				COPY_PHASE_STRIP = NO;
				DEBUG_INFORMATION_FORMAT = "dwarf-with-dsym";
				ENABLE_NS_ASSERTIONS = NO;
				ENABLE_STRICT_OBJC_MSGSEND = YES;
				GCC_C_LANGUAGE_STANDARD = gnu99;
				GCC_NO_COMMON_BLOCKS = YES;
				GCC_WARN_64_TO_32_BIT_CONVERSION = YES;
				GCC_WARN_ABOUT_RETURN_TYPE = YES_ERROR;
				GCC_WARN_UNDECLARED_SELECTOR = YES;
				GCC_WARN_UNINITIALIZED_AUTOS = YES_AGGRESSIVE;
				GCC_WARN_UNUSED_FUNCTION = YES;
				GCC_WARN_UNUSED_VARIABLE = YES;
				IPHONEOS_DEPLOYMENT_TARGET = 10.3;
				MTL_ENABLE_DEBUG_INFO = NO;
				SDKROOT = iphoneos;
				SWIFT_OPTIMIZATION_LEVEL = "-Owholemodule";
				TARGETED_DEVICE_FAMILY = "1,2";
				VALIDATE_PRODUCT = YES;
			};
			name = Release;
		};
		DF9FAD641F13BCC2009118D1 /* Debug */ = {
			isa = XCBuildConfiguration;
			buildSettings = {
				ASSETCATALOG_COMPILER_APPICON_NAME = AppIcon;
				"CODE_SIGN_IDENTITY[sdk=iphoneos*]" = "iPhone Developer";
				DEVELOPMENT_TEAM = RHFU8CABJ7;
				INFOPLIST_FILE = RetroCalculator/Info.plist;
				IPHONEOS_DEPLOYMENT_TARGET = 10.3;
				LD_RUNPATH_SEARCH_PATHS = "$(inherited) @executable_path/Frameworks";
				PRODUCT_BUNDLE_IDENTIFIER = com.sideloadRetroCalculator;
				PRODUCT_NAME = "$(TARGET_NAME)";
				PROVISIONING_PROFILE_SPECIFIER = "";
				SWIFT_VERSION = 3.0;
			};
			name = Debug;
		};
		DF9FAD651F13BCC2009118D1 /* Release */ = {
			isa = XCBuildConfiguration;
			buildSettings = {
				ASSETCATALOG_COMPILER_APPICON_NAME = AppIcon;
				"CODE_SIGN_IDENTITY[sdk=iphoneos*]" = "iPhone Developer";
				DEVELOPMENT_TEAM = RHFU8CABJ7;
				INFOPLIST_FILE = RetroCalculator/Info.plist;
				IPHONEOS_DEPLOYMENT_TARGET = 10.3;
				LD_RUNPATH_SEARCH_PATHS = "$(inherited) @executable_path/Frameworks";
				PRODUCT_BUNDLE_IDENTIFIER = com.sideloadRetroCalculator;
				PRODUCT_NAME = "$(TARGET_NAME)";
				PROVISIONING_PROFILE_SPECIFIER = "";
				SWIFT_VERSION = 3.0;
			};
			name = Release;
		};
/* End XCBuildConfiguration section */

/* Begin XCConfigurationList section */
		DF9FAD4C1F13BCC2009118D1 /* Build configuration list for PBXProject "RetroCalculator" */ = {
			isa = XCConfigurationList;
			buildConfigurations = (
				DF9FAD611F13BCC2009118D1 /* Debug */,
				DF9FAD621F13BCC2009118D1 /* Release */,
			);
			defaultConfigurationIsVisible = 0;
			defaultConfigurationName = Release;
		};
		DF9FAD631F13BCC2009118D1 /* Build configuration list for PBXNativeTarget "RetroCalculator" */ = {
			isa = XCConfigurationList;
			buildConfigurations = (
				DF9FAD641F13BCC2009118D1 /* Debug */,
				DF9FAD651F13BCC2009118D1 /* Release */,
			);
			defaultConfigurationIsVisible = 0;
			defaultConfigurationName = Release;
		};
/* End XCConfigurationList section */
	};
	rootObject = DF9FAD491F13BCC2009118D1 /* Project object */;
}
